
Microsoft Visual Studio Solution File, Format Version 12.00
# Visual Studio Version 17
VisualStudioVersion = 17.2.32616.157
MinimumVisualStudioVersion = 10.0.40219.1
Project("{9A19103F-16F7-4668-BE54-9A1E7A4F7556}") = "Task01", "Task01.csproj", "{7DDCA09B-DB9F-4B2E-AC10-6B23EF6F83AA}"
EndProject
Global
	GlobalSection(SolutionConfigurationPlatforms) = preSolution
		Debug|Any CPU = Debug|Any CPU
		Release|Any CPU = Release|Any CPU
	EndGlobalSection
	GlobalSection(ProjectConfigurationPlatforms) = postSolution
		{7DDCA09B-DB9F-4B2E-AC10-6B23EF6F83AA}.Debug|Any CPU.ActiveCfg = Debug|Any CPU
		{7DDCA09B-DB9F-4B2E-AC10-6B23EF6F83AA}.Debug|Any CPU.Build.0 = Debug|Any CPU
		{7DDCA09B-DB9F-4B2E-AC10-6B23EF6F83AA}.Release|Any CPU.ActiveCfg = Release|Any CPU
		{7DDCA09B-DB9F-4B2E-AC10-6B23EF6F83AA}.Release|Any CPU.Build.0 = Release|Any CPU
	EndGlobalSection
	GlobalSection(SolutionProperties) = preSolution
		HideSolutionNode = FALSE
	EndGlobalSection
	GlobalSection(ExtensibilityGlobals) = postSolution
		SolutionGuid = {03D963EA-0543-4878-BA47-9628A7F694F0}
	EndGlobalSection
EndGlobal
